// !$*UTF8*$!
{
	archiveVersion = 1;
	classes = {
	};
	objectVersion = 56;
	objects = {

/* Begin PBXBuildFile section */
		ED2641202BC79D4E005B5FB7 /* SearchResultView.swift in Sources */ = {isa = PBXBuildFile; fileRef = ED26411F2BC79D4E005B5FB7 /* SearchResultView.swift */; };
		ED2641222BC7A87F005B5FB7 /* SearchViewModel.swift in Sources */ = {isa = PBXBuildFile; fileRef = ED2641212BC7A87F005B5FB7 /* SearchViewModel.swift */; };
		ED2641252BC8693D005B5FB7 /* StockDetailView.swift in Sources */ = {isa = PBXBuildFile; fileRef = ED2641242BC8693D005B5FB7 /* StockDetailView.swift */; };
		ED2641272BC87050005B5FB7 /* Structs.swift in Sources */ = {isa = PBXBuildFile; fileRef = ED2641262BC87050005B5FB7 /* Structs.swift */; };
		ED2641292BC882AA005B5FB7 /* StockDetailViewModel.swift in Sources */ = {isa = PBXBuildFile; fileRef = ED2641282BC882AA005B5FB7 /* StockDetailViewModel.swift */; };
		ED2A6B8B2BCE137500CD9B99 /* HistoricalChangeView.swift in Sources */ = {isa = PBXBuildFile; fileRef = ED2A6B8A2BCE137500CD9B99 /* HistoricalChangeView.swift */; };
		ED2A6B8D2BCE13D800CD9B99 /* RecommendationView.swift in Sources */ = {isa = PBXBuildFile; fileRef = ED2A6B8C2BCE13D800CD9B99 /* RecommendationView.swift */; };
		ED2A6B8F2BCE13E600CD9B99 /* EPSView.swift in Sources */ = {isa = PBXBuildFile; fileRef = ED2A6B8E2BCE13E600CD9B99 /* EPSView.swift */; };
		ED44C71F2BC4ABE800044A8D /* _71_HW4App.swift in Sources */ = {isa = PBXBuildFile; fileRef = ED44C71E2BC4ABE800044A8D /* _71_HW4App.swift */; };
		ED44C7212BC4ABE800044A8D /* ContentView.swift in Sources */ = {isa = PBXBuildFile; fileRef = ED44C7202BC4ABE800044A8D /* ContentView.swift */; };
		ED44C7262BC4ABE900044A8D /* Preview Assets.xcassets in Resources */ = {isa = PBXBuildFile; fileRef = ED44C7252BC4ABE900044A8D /* Preview Assets.xcassets */; };
		ED44C72D2BC4AC2200044A8D /* Assets.xcassets in Resources */ = {isa = PBXBuildFile; fileRef = ED44C72C2BC4AC2200044A8D /* Assets.xcassets */; };
		ED44C72F2BC4AC4400044A8D /* Launch Screen.storyboard in Resources */ = {isa = PBXBuildFile; fileRef = ED44C72E2BC4AC4400044A8D /* Launch Screen.storyboard */; };
		ED44C7342BC4ACBD00044A8D /* twitter.jpg in Resources */ = {isa = PBXBuildFile; fileRef = ED44C7312BC4ACBC00044A8D /* twitter.jpg */; };
		ED44C7352BC4ACBD00044A8D /* app icon.png in Resources */ = {isa = PBXBuildFile; fileRef = ED44C7322BC4ACBC00044A8D /* app icon.png */; };
		ED44C7362BC4ACBD00044A8D /* facebook.png in Resources */ = {isa = PBXBuildFile; fileRef = ED44C7332BC4ACBD00044A8D /* facebook.png */; };
		ED44C7382BC4AF4200044A8D /* DateHeaderView.swift in Sources */ = {isa = PBXBuildFile; fileRef = ED44C7372BC4AF4200044A8D /* DateHeaderView.swift */; };
		ED44C7422BC4B5C600044A8D /* FooterView.swift in Sources */ = {isa = PBXBuildFile; fileRef = ED44C7412BC4B5C600044A8D /* FooterView.swift */; };
		ED44C7452BC4C69800044A8D /* Alamofire in Frameworks */ = {isa = PBXBuildFile; productRef = ED44C7442BC4C69800044A8D /* Alamofire */; };
		ED44C7472BC4C69800044A8D /* AlamofireDynamic in Frameworks */ = {isa = PBXBuildFile; productRef = ED44C7462BC4C69800044A8D /* AlamofireDynamic */; };
		ED44C74A2BC4C75500044A8D /* SwiftyJSON in Frameworks */ = {isa = PBXBuildFile; productRef = ED44C7492BC4C75500044A8D /* SwiftyJSON */; };
		ED44C74D2BC4C83000044A8D /* Kingfisher in Frameworks */ = {isa = PBXBuildFile; productRef = ED44C74C2BC4C83000044A8D /* Kingfisher */; };
		ED44C7522BC4D2B700044A8D /* HomeScreenView.swift in Sources */ = {isa = PBXBuildFile; fileRef = ED44C7512BC4D2B700044A8D /* HomeScreenView.swift */; };
		ED44C7592BC4FCA100044A8D /* HomeScreenModel.swift in Sources */ = {isa = PBXBuildFile; fileRef = ED44C7582BC4FCA100044A8D /* HomeScreenModel.swift */; };
		ED44C75B2BC4FCB200044A8D /* HomeScreenViewModel.swift in Sources */ = {isa = PBXBuildFile; fileRef = ED44C75A2BC4FCB200044A8D /* HomeScreenViewModel.swift */; };
		ED44C75D2BC4FE0C00044A8D /* PortfolioView.swift in Sources */ = {isa = PBXBuildFile; fileRef = ED44C75C2BC4FE0C00044A8D /* PortfolioView.swift */; };
		ED44C75F2BC4FF0300044A8D /* WatchlistView.swift in Sources */ = {isa = PBXBuildFile; fileRef = ED44C75E2BC4FF0300044A8D /* WatchlistView.swift */; };
		ED44C7612BC5031500044A8D /* PortfolioModel.swift in Sources */ = {isa = PBXBuildFile; fileRef = ED44C7602BC5031500044A8D /* PortfolioModel.swift */; };
		ED44C7632BC5031E00044A8D /* PortfolioViewModel.swift in Sources */ = {isa = PBXBuildFile; fileRef = ED44C7622BC5031E00044A8D /* PortfolioViewModel.swift */; };
		ED56A99D2BCCA6220011BC59 /* hourly.html in Resources */ = {isa = PBXBuildFile; fileRef = ED56A99C2BCCA6220011BC59 /* hourly.html */; };
		ED56A99F2BCCA64C0011BC59 /* WebView.swift in Sources */ = {isa = PBXBuildFile; fileRef = ED56A99E2BCCA64C0011BC59 /* WebView.swift */; };
		EDAB0EEE2BCA4AE600E0E699 /* StockNewsView.swift in Sources */ = {isa = PBXBuildFile; fileRef = EDAB0EED2BCA4AE600E0E699 /* StockNewsView.swift */; };
		EDAB0EF02BCA57B700E0E699 /* NewsDetailView.swift in Sources */ = {isa = PBXBuildFile; fileRef = EDAB0EEF2BCA57B700E0E699 /* NewsDetailView.swift */; };
		EDC774652BCDFC250048AD63 /* Highcharts in Frameworks */ = {isa = PBXBuildFile; productRef = EDC774642BCDFC250048AD63 /* Highcharts */; };
		EDC774672BCDFD030048AD63 /* StockHourlyPriceChartView.swift in Sources */ = {isa = PBXBuildFile; fileRef = EDC774662BCDFD030048AD63 /* StockHourlyPriceChartView.swift */; };
		EDF35C282BC5235A000381BC /* WatchlistModel.swift in Sources */ = {isa = PBXBuildFile; fileRef = EDF35C272BC5235A000381BC /* WatchlistModel.swift */; };
		EDF35C2A2BC523D3000381BC /* WatchlistViewModel.swift in Sources */ = {isa = PBXBuildFile; fileRef = EDF35C292BC523D3000381BC /* WatchlistViewModel.swift */; };
		EDF35C2D2BC5D12D000381BC /* NetworkService.swift in Sources */ = {isa = PBXBuildFile; fileRef = EDF35C2C2BC5D12D000381BC /* NetworkService.swift */; };
		EDF35C4B2BC78DC8000381BC /* PortfolioStockRowView.swift in Sources */ = {isa = PBXBuildFile; fileRef = EDF35C4A2BC78DC8000381BC /* PortfolioStockRowView.swift */; };
		EDF35C4D2BC78E3B000381BC /* WatchlistStockRowView.swift in Sources */ = {isa = PBXBuildFile; fileRef = EDF35C4C2BC78E3B000381BC /* WatchlistStockRowView.swift */; };
/* End PBXBuildFile section */

/* Begin PBXFileReference section */
		ED26411F2BC79D4E005B5FB7 /* SearchResultView.swift */ = {isa = PBXFileReference; lastKnownFileType = sourcecode.swift; path = SearchResultView.swift; sourceTree = "<group>"; };
		ED2641212BC7A87F005B5FB7 /* SearchViewModel.swift */ = {isa = PBXFileReference; lastKnownFileType = sourcecode.swift; path = SearchViewModel.swift; sourceTree = "<group>"; };
		ED2641242BC8693D005B5FB7 /* StockDetailView.swift */ = {isa = PBXFileReference; lastKnownFileType = sourcecode.swift; path = StockDetailView.swift; sourceTree = "<group>"; };
		ED2641262BC87050005B5FB7 /* Structs.swift */ = {isa = PBXFileReference; lastKnownFileType = sourcecode.swift; path = Structs.swift; sourceTree = "<group>"; };
		ED2641282BC882AA005B5FB7 /* StockDetailViewModel.swift */ = {isa = PBXFileReference; lastKnownFileType = sourcecode.swift; path = StockDetailViewModel.swift; sourceTree = "<group>"; };
		ED2A6B8A2BCE137500CD9B99 /* HistoricalChangeView.swift */ = {isa = PBXFileReference; lastKnownFileType = sourcecode.swift; path = HistoricalChangeView.swift; sourceTree = "<group>"; };
		ED2A6B8C2BCE13D800CD9B99 /* RecommendationView.swift */ = {isa = PBXFileReference; lastKnownFileType = sourcecode.swift; path = RecommendationView.swift; sourceTree = "<group>"; };
		ED2A6B8E2BCE13E600CD9B99 /* EPSView.swift */ = {isa = PBXFileReference; lastKnownFileType = sourcecode.swift; path = EPSView.swift; sourceTree = "<group>"; };
		ED44C71B2BC4ABE800044A8D /* 571-HW4.app */ = {isa = PBXFileReference; explicitFileType = wrapper.application; includeInIndex = 0; path = "571-HW4.app"; sourceTree = BUILT_PRODUCTS_DIR; };
		ED44C71E2BC4ABE800044A8D /* _71_HW4App.swift */ = {isa = PBXFileReference; lastKnownFileType = sourcecode.swift; path = _71_HW4App.swift; sourceTree = "<group>"; };
		ED44C7202BC4ABE800044A8D /* ContentView.swift */ = {isa = PBXFileReference; lastKnownFileType = sourcecode.swift; path = ContentView.swift; sourceTree = "<group>"; };
		ED44C7252BC4ABE900044A8D /* Preview Assets.xcassets */ = {isa = PBXFileReference; lastKnownFileType = folder.assetcatalog; path = "Preview Assets.xcassets"; sourceTree = "<group>"; };
		ED44C72C2BC4AC2200044A8D /* Assets.xcassets */ = {isa = PBXFileReference; lastKnownFileType = folder.assetcatalog; name = Assets.xcassets; path = "../../../../../../../../../../Downloads/AppIcons 2/Assets.xcassets"; sourceTree = "<group>"; };
		ED44C72E2BC4AC4400044A8D /* Launch Screen.storyboard */ = {isa = PBXFileReference; lastKnownFileType = file.storyboard; path = "Launch Screen.storyboard"; sourceTree = "<group>"; };
		ED44C7312BC4ACBC00044A8D /* twitter.jpg */ = {isa = PBXFileReference; lastKnownFileType = image.jpeg; path = twitter.jpg; sourceTree = "<group>"; };
		ED44C7322BC4ACBC00044A8D /* app icon.png */ = {isa = PBXFileReference; lastKnownFileType = image.png; path = "app icon.png"; sourceTree = "<group>"; };
		ED44C7332BC4ACBD00044A8D /* facebook.png */ = {isa = PBXFileReference; lastKnownFileType = image.png; path = facebook.png; sourceTree = "<group>"; };
		ED44C7372BC4AF4200044A8D /* DateHeaderView.swift */ = {isa = PBXFileReference; lastKnownFileType = sourcecode.swift; path = DateHeaderView.swift; sourceTree = "<group>"; };
		ED44C7412BC4B5C600044A8D /* FooterView.swift */ = {isa = PBXFileReference; lastKnownFileType = sourcecode.swift; path = FooterView.swift; sourceTree = "<group>"; };
		ED44C7512BC4D2B700044A8D /* HomeScreenView.swift */ = {isa = PBXFileReference; lastKnownFileType = sourcecode.swift; path = HomeScreenView.swift; sourceTree = "<group>"; };
		ED44C7582BC4FCA100044A8D /* HomeScreenModel.swift */ = {isa = PBXFileReference; lastKnownFileType = sourcecode.swift; path = HomeScreenModel.swift; sourceTree = "<group>"; };
		ED44C75A2BC4FCB200044A8D /* HomeScreenViewModel.swift */ = {isa = PBXFileReference; lastKnownFileType = sourcecode.swift; path = HomeScreenViewModel.swift; sourceTree = "<group>"; };
		ED44C75C2BC4FE0C00044A8D /* PortfolioView.swift */ = {isa = PBXFileReference; lastKnownFileType = sourcecode.swift; path = PortfolioView.swift; sourceTree = "<group>"; };
		ED44C75E2BC4FF0300044A8D /* WatchlistView.swift */ = {isa = PBXFileReference; lastKnownFileType = sourcecode.swift; path = WatchlistView.swift; sourceTree = "<group>"; };
		ED44C7602BC5031500044A8D /* PortfolioModel.swift */ = {isa = PBXFileReference; lastKnownFileType = sourcecode.swift; path = PortfolioModel.swift; sourceTree = "<group>"; };
		ED44C7622BC5031E00044A8D /* PortfolioViewModel.swift */ = {isa = PBXFileReference; lastKnownFileType = sourcecode.swift; path = PortfolioViewModel.swift; sourceTree = "<group>"; };
		ED56A99C2BCCA6220011BC59 /* hourly.html */ = {isa = PBXFileReference; lastKnownFileType = text.html; path = hourly.html; sourceTree = "<group>"; };
		ED56A99E2BCCA64C0011BC59 /* WebView.swift */ = {isa = PBXFileReference; lastKnownFileType = sourcecode.swift; path = WebView.swift; sourceTree = "<group>"; };
		EDAB0EED2BCA4AE600E0E699 /* StockNewsView.swift */ = {isa = PBXFileReference; lastKnownFileType = sourcecode.swift; path = StockNewsView.swift; sourceTree = "<group>"; };
		EDAB0EEF2BCA57B700E0E699 /* NewsDetailView.swift */ = {isa = PBXFileReference; lastKnownFileType = sourcecode.swift; path = NewsDetailView.swift; sourceTree = "<group>"; };
		EDC774662BCDFD030048AD63 /* StockHourlyPriceChartView.swift */ = {isa = PBXFileReference; lastKnownFileType = sourcecode.swift; path = StockHourlyPriceChartView.swift; sourceTree = "<group>"; };
		EDF35C272BC5235A000381BC /* WatchlistModel.swift */ = {isa = PBXFileReference; lastKnownFileType = sourcecode.swift; path = WatchlistModel.swift; sourceTree = "<group>"; };
		EDF35C292BC523D3000381BC /* WatchlistViewModel.swift */ = {isa = PBXFileReference; lastKnownFileType = sourcecode.swift; path = WatchlistViewModel.swift; sourceTree = "<group>"; };
		EDF35C2C2BC5D12D000381BC /* NetworkService.swift */ = {isa = PBXFileReference; lastKnownFileType = sourcecode.swift; path = NetworkService.swift; sourceTree = "<group>"; };
		EDF35C4A2BC78DC8000381BC /* PortfolioStockRowView.swift */ = {isa = PBXFileReference; lastKnownFileType = sourcecode.swift; path = PortfolioStockRowView.swift; sourceTree = "<group>"; };
		EDF35C4C2BC78E3B000381BC /* WatchlistStockRowView.swift */ = {isa = PBXFileReference; lastKnownFileType = sourcecode.swift; path = WatchlistStockRowView.swift; sourceTree = "<group>"; };
/* End PBXFileReference section */

/* Begin PBXFrameworksBuildPhase section */
		ED44C7182BC4ABE800044A8D /* Frameworks */ = {
			isa = PBXFrameworksBuildPhase;
			buildActionMask = 2147483647;
			files = (
				EDC774652BCDFC250048AD63 /* Highcharts in Frameworks */,
				ED44C74D2BC4C83000044A8D /* Kingfisher in Frameworks */,
				ED44C74A2BC4C75500044A8D /* SwiftyJSON in Frameworks */,
				ED44C7452BC4C69800044A8D /* Alamofire in Frameworks */,
				ED44C7472BC4C69800044A8D /* AlamofireDynamic in Frameworks */,
			);
			runOnlyForDeploymentPostprocessing = 0;
		};
/* End PBXFrameworksBuildPhase section */

/* Begin PBXGroup section */
		ED2641232BC868F6005B5FB7 /* StockDetail */ = {
			isa = PBXGroup;
			children = (
				ED2A6B902BCE1A9C00CD9B99 /* Unused */,
				ED2641242BC8693D005B5FB7 /* StockDetailView.swift */,
				ED2641282BC882AA005B5FB7 /* StockDetailViewModel.swift */,
				EDAB0EED2BCA4AE600E0E699 /* StockNewsView.swift */,
				EDAB0EEF2BCA57B700E0E699 /* NewsDetailView.swift */,
				EDC774662BCDFD030048AD63 /* StockHourlyPriceChartView.swift */,
				ED2A6B8A2BCE137500CD9B99 /* HistoricalChangeView.swift */,
				ED2A6B8C2BCE13D800CD9B99 /* RecommendationView.swift */,
				ED2A6B8E2BCE13E600CD9B99 /* EPSView.swift */,
			);
			path = StockDetail;
			sourceTree = "<group>";
		};
		ED2A6B902BCE1A9C00CD9B99 /* Unused */ = {
			isa = PBXGroup;
			children = (
				ED56A99E2BCCA64C0011BC59 /* WebView.swift */,
				ED56A99C2BCCA6220011BC59 /* hourly.html */,
			);
			path = Unused;
			sourceTree = "<group>";
		};
		ED44C7122BC4ABE800044A8D = {
			isa = PBXGroup;
			children = (
				ED44C71D2BC4ABE800044A8D /* 571-HW4 */,
				ED44C71C2BC4ABE800044A8D /* Products */,
			);
			sourceTree = "<group>";
		};
		ED44C71C2BC4ABE800044A8D /* Products */ = {
			isa = PBXGroup;
			children = (
				ED44C71B2BC4ABE800044A8D /* 571-HW4.app */,
			);
			name = Products;
			sourceTree = "<group>";
		};
		ED44C71D2BC4ABE800044A8D /* 571-HW4 */ = {
			isa = PBXGroup;
			children = (
				ED44C72E2BC4AC4400044A8D /* Launch Screen.storyboard */,
				ED44C71E2BC4ABE800044A8D /* _71_HW4App.swift */,
				ED44C7202BC4ABE800044A8D /* ContentView.swift */,
				ED44C7502BC4D18700044A8D /* HomeScreen */,
				ED2641232BC868F6005B5FB7 /* StockDetail */,
				EDF35C2B2BC5D11A000381BC /* Service */,
				ED44C72C2BC4AC2200044A8D /* Assets.xcassets */,
				ED44C7242BC4ABE900044A8D /* Preview Content */,
				ED44C7302BC4AC9700044A8D /* Resources */,
			);
			path = "571-HW4";
			sourceTree = "<group>";
		};
		ED44C7242BC4ABE900044A8D /* Preview Content */ = {
			isa = PBXGroup;
			children = (
				ED44C7252BC4ABE900044A8D /* Preview Assets.xcassets */,
			);
			path = "Preview Content";
			sourceTree = "<group>";
		};
		ED44C7302BC4AC9700044A8D /* Resources */ = {
			isa = PBXGroup;
			children = (
				ED44C7322BC4ACBC00044A8D /* app icon.png */,
				ED44C7332BC4ACBD00044A8D /* facebook.png */,
				ED44C7312BC4ACBC00044A8D /* twitter.jpg */,
			);
			path = Resources;
			sourceTree = "<group>";
		};
		ED44C7502BC4D18700044A8D /* HomeScreen */ = {
			isa = PBXGroup;
			children = (
				ED44C7372BC4AF4200044A8D /* DateHeaderView.swift */,
				ED44C7512BC4D2B700044A8D /* HomeScreenView.swift */,
				ED44C7582BC4FCA100044A8D /* HomeScreenModel.swift */,
				ED44C75A2BC4FCB200044A8D /* HomeScreenViewModel.swift */,
				ED44C7532BC4F97900044A8D /* Portfolio */,
				ED44C7542BC4F98300044A8D /* Watchlist */,
				ED44C7412BC4B5C600044A8D /* FooterView.swift */,
				ED26411F2BC79D4E005B5FB7 /* SearchResultView.swift */,
				ED2641212BC7A87F005B5FB7 /* SearchViewModel.swift */,
			);
			path = HomeScreen;
			sourceTree = "<group>";
		};
		ED44C7532BC4F97900044A8D /* Portfolio */ = {
			isa = PBXGroup;
			children = (
				ED44C75C2BC4FE0C00044A8D /* PortfolioView.swift */,
				ED44C7602BC5031500044A8D /* PortfolioModel.swift */,
				ED44C7622BC5031E00044A8D /* PortfolioViewModel.swift */,
				EDF35C4A2BC78DC8000381BC /* PortfolioStockRowView.swift */,
			);
			path = Portfolio;
			sourceTree = "<group>";
		};
		ED44C7542BC4F98300044A8D /* Watchlist */ = {
			isa = PBXGroup;
			children = (
				ED44C75E2BC4FF0300044A8D /* WatchlistView.swift */,
				EDF35C272BC5235A000381BC /* WatchlistModel.swift */,
				EDF35C292BC523D3000381BC /* WatchlistViewModel.swift */,
				EDF35C4C2BC78E3B000381BC /* WatchlistStockRowView.swift */,
			);
			path = Watchlist;
			sourceTree = "<group>";
		};
		EDF35C2B2BC5D11A000381BC /* Service */ = {
			isa = PBXGroup;
			children = (
				EDF35C2C2BC5D12D000381BC /* NetworkService.swift */,
				ED2641262BC87050005B5FB7 /* Structs.swift */,
			);
			path = Service;
			sourceTree = "<group>";
		};
/* End PBXGroup section */

/* Begin PBXNativeTarget section */
		ED44C71A2BC4ABE800044A8D /* 571-HW4 */ = {
			isa = PBXNativeTarget;
			buildConfigurationList = ED44C7292BC4ABE900044A8D /* Build configuration list for PBXNativeTarget "571-HW4" */;
			buildPhases = (
				ED44C7172BC4ABE800044A8D /* Sources */,
				ED44C7182BC4ABE800044A8D /* Frameworks */,
				ED44C7192BC4ABE800044A8D /* Resources */,
			);
			buildRules = (
			);
			dependencies = (
			);
			name = "571-HW4";
			packageProductDependencies = (
				ED44C7442BC4C69800044A8D /* Alamofire */,
				ED44C7462BC4C69800044A8D /* AlamofireDynamic */,
				ED44C7492BC4C75500044A8D /* SwiftyJSON */,
				ED44C74C2BC4C83000044A8D /* Kingfisher */,
				EDC774642BCDFC250048AD63 /* Highcharts */,
			);
			productName = "571-HW4";
			productReference = ED44C71B2BC4ABE800044A8D /* 571-HW4.app */;
			productType = "com.apple.product-type.application";
		};
/* End PBXNativeTarget section */

/* Begin PBXProject section */
		ED44C7132BC4ABE800044A8D /* Project object */ = {
			isa = PBXProject;
			attributes = {
				BuildIndependentTargetsInParallel = 1;
				LastSwiftUpdateCheck = 1530;
				LastUpgradeCheck = 1530;
				TargetAttributes = {
					ED44C71A2BC4ABE800044A8D = {
						CreatedOnToolsVersion = 15.3;
					};
				};
			};
			buildConfigurationList = ED44C7162BC4ABE800044A8D /* Build configuration list for PBXProject "571-HW4" */;
			compatibilityVersion = "Xcode 14.0";
			developmentRegion = en;
			hasScannedForEncodings = 0;
			knownRegions = (
				en,
				Base,
			);
			mainGroup = ED44C7122BC4ABE800044A8D;
			packageReferences = (
				ED44C7432BC4C69800044A8D /* XCRemoteSwiftPackageReference "Alamofire" */,
				ED44C7482BC4C75500044A8D /* XCRemoteSwiftPackageReference "SwiftyJSON" */,
				ED44C74B2BC4C83000044A8D /* XCRemoteSwiftPackageReference "Kingfisher" */,
				EDC774632BCDFC250048AD63 /* XCRemoteSwiftPackageReference "highcharts-ios" */,
			);
			productRefGroup = ED44C71C2BC4ABE800044A8D /* Products */;
			projectDirPath = "";
			projectRoot = "";
			targets = (
				ED44C71A2BC4ABE800044A8D /* 571-HW4 */,
			);
		};
/* End PBXProject section */

/* Begin PBXResourcesBuildPhase section */
		ED44C7192BC4ABE800044A8D /* Resources */ = {
			isa = PBXResourcesBuildPhase;
			buildActionMask = 2147483647;
			files = (
				ED56A99D2BCCA6220011BC59 /* hourly.html in Resources */,
				ED44C72F2BC4AC4400044A8D /* Launch Screen.storyboard in Resources */,
				ED44C7362BC4ACBD00044A8D /* facebook.png in Resources */,
				ED44C7352BC4ACBD00044A8D /* app icon.png in Resources */,
				ED44C7262BC4ABE900044A8D /* Preview Assets.xcassets in Resources */,
				ED44C7342BC4ACBD00044A8D /* twitter.jpg in Resources */,
				ED44C72D2BC4AC2200044A8D /* Assets.xcassets in Resources */,
			);
			runOnlyForDeploymentPostprocessing = 0;
		};
/* End PBXResourcesBuildPhase section */

/* Begin PBXSourcesBuildPhase section */
		ED44C7172BC4ABE800044A8D /* Sources */ = {
			isa = PBXSourcesBuildPhase;
			buildActionMask = 2147483647;
			files = (
				ED2641292BC882AA005B5FB7 /* StockDetailViewModel.swift in Sources */,
				EDF35C4D2BC78E3B000381BC /* WatchlistStockRowView.swift in Sources */,
				EDC774672BCDFD030048AD63 /* StockHourlyPriceChartView.swift in Sources */,
				EDAB0EF02BCA57B700E0E699 /* NewsDetailView.swift in Sources */,
				ED44C7382BC4AF4200044A8D /* DateHeaderView.swift in Sources */,
				EDF35C2A2BC523D3000381BC /* WatchlistViewModel.swift in Sources */,
				ED44C7212BC4ABE800044A8D /* ContentView.swift in Sources */,
				ED44C75B2BC4FCB200044A8D /* HomeScreenViewModel.swift in Sources */,
				ED44C7592BC4FCA100044A8D /* HomeScreenModel.swift in Sources */,
				ED2641222BC7A87F005B5FB7 /* SearchViewModel.swift in Sources */,
				ED2A6B8B2BCE137500CD9B99 /* HistoricalChangeView.swift in Sources */,
				ED2A6B8F2BCE13E600CD9B99 /* EPSView.swift in Sources */,
				ED44C7522BC4D2B700044A8D /* HomeScreenView.swift in Sources */,
				ED44C7422BC4B5C600044A8D /* FooterView.swift in Sources */,
				ED44C71F2BC4ABE800044A8D /* _71_HW4App.swift in Sources */,
				ED44C75F2BC4FF0300044A8D /* WatchlistView.swift in Sources */,
				ED56A99F2BCCA64C0011BC59 /* WebView.swift in Sources */,
				ED44C7612BC5031500044A8D /* PortfolioModel.swift in Sources */,
				ED2A6B8D2BCE13D800CD9B99 /* RecommendationView.swift in Sources */,
				ED2641272BC87050005B5FB7 /* Structs.swift in Sources */,
				EDAB0EEE2BCA4AE600E0E699 /* StockNewsView.swift in Sources */,
				ED44C75D2BC4FE0C00044A8D /* PortfolioView.swift in Sources */,
				ED2641252BC8693D005B5FB7 /* StockDetailView.swift in Sources */,
				ED2641202BC79D4E005B5FB7 /* SearchResultView.swift in Sources */,
				EDF35C4B2BC78DC8000381BC /* PortfolioStockRowView.swift in Sources */,
				ED44C7632BC5031E00044A8D /* PortfolioViewModel.swift in Sources */,
				EDF35C2D2BC5D12D000381BC /* NetworkService.swift in Sources */,
				EDF35C282BC5235A000381BC /* WatchlistModel.swift in Sources */,
			);
			runOnlyForDeploymentPostprocessing = 0;
		};
/* End PBXSourcesBuildPhase section */

/* Begin XCBuildConfiguration section */
		ED44C7272BC4ABE900044A8D /* Debug */ = {
			isa = XCBuildConfiguration;
			buildSettings = {
				ALWAYS_SEARCH_USER_PATHS = NO;
				ASSETCATALOG_COMPILER_GENERATE_SWIFT_ASSET_SYMBOL_EXTENSIONS = YES;
				CLANG_ANALYZER_NONNULL = YES;
				CLANG_ANALYZER_NUMBER_OBJECT_CONVERSION = YES_AGGRESSIVE;
				CLANG_CXX_LANGUAGE_STANDARD = "gnu++20";
				CLANG_ENABLE_MODULES = YES;
				CLANG_ENABLE_OBJC_ARC = YES;
				CLANG_ENABLE_OBJC_WEAK = YES;
				CLANG_WARN_BLOCK_CAPTURE_AUTORELEASING = YES;
				CLANG_WARN_BOOL_CONVERSION = YES;
				CLANG_WARN_COMMA = YES;
				CLANG_WARN_CONSTANT_CONVERSION = YES;
				CLANG_WARN_DEPRECATED_OBJC_IMPLEMENTATIONS = YES;
				CLANG_WARN_DIRECT_OBJC_ISA_USAGE = YES_ERROR;
				CLANG_WARN_DOCUMENTATION_COMMENTS = YES;
				CLANG_WARN_EMPTY_BODY = YES;
				CLANG_WARN_ENUM_CONVERSION = YES;
				CLANG_WARN_INFINITE_RECURSION = YES;
				CLANG_WARN_INT_CONVERSION = YES;
				CLANG_WARN_NON_LITERAL_NULL_CONVERSION = YES;
				CLANG_WARN_OBJC_IMPLICIT_RETAIN_SELF = YES;
				CLANG_WARN_OBJC_LITERAL_CONVERSION = YES;
				CLANG_WARN_OBJC_ROOT_CLASS = YES_ERROR;
				CLANG_WARN_QUOTED_INCLUDE_IN_FRAMEWORK_HEADER = YES;
				CLANG_WARN_RANGE_LOOP_ANALYSIS = YES;
				CLANG_WARN_STRICT_PROTOTYPES = YES;
				CLANG_WARN_SUSPICIOUS_MOVE = YES;
				CLANG_WARN_UNGUARDED_AVAILABILITY = YES_AGGRESSIVE;
				CLANG_WARN_UNREACHABLE_CODE = YES;
				CLANG_WARN__DUPLICATE_METHOD_MATCH = YES;
				COPY_PHASE_STRIP = NO;
				DEBUG_INFORMATION_FORMAT = dwarf;
				ENABLE_STRICT_OBJC_MSGSEND = YES;
				ENABLE_TESTABILITY = YES;
				ENABLE_USER_SCRIPT_SANDBOXING = YES;
				GCC_C_LANGUAGE_STANDARD = gnu17;
				GCC_DYNAMIC_NO_PIC = NO;
				GCC_NO_COMMON_BLOCKS = YES;
				GCC_OPTIMIZATION_LEVEL = 0;
				GCC_PREPROCESSOR_DEFINITIONS = (
					"DEBUG=1",
					"$(inherited)",
				);
				GCC_WARN_64_TO_32_BIT_CONVERSION = YES;
				GCC_WARN_ABOUT_RETURN_TYPE = YES_ERROR;
				GCC_WARN_UNDECLARED_SELECTOR = YES;
				GCC_WARN_UNINITIALIZED_AUTOS = YES_AGGRESSIVE;
				GCC_WARN_UNUSED_FUNCTION = YES;
				GCC_WARN_UNUSED_VARIABLE = YES;
				IPHONEOS_DEPLOYMENT_TARGET = 17.4;
				LOCALIZATION_PREFERS_STRING_CATALOGS = YES;
				MTL_ENABLE_DEBUG_INFO = INCLUDE_SOURCE;
				MTL_FAST_MATH = YES;
				ONLY_ACTIVE_ARCH = YES;
				SDKROOT = iphoneos;
				SWIFT_ACTIVE_COMPILATION_CONDITIONS = "DEBUG $(inherited)";
				SWIFT_OPTIMIZATION_LEVEL = "-Onone";
			};
			name = Debug;
		};
		ED44C7282BC4ABE900044A8D /* Release */ = {
			isa = XCBuildConfiguration;
			buildSettings = {
				ALWAYS_SEARCH_USER_PATHS = NO;
				ASSETCATALOG_COMPILER_GENERATE_SWIFT_ASSET_SYMBOL_EXTENSIONS = YES;
				CLANG_ANALYZER_NONNULL = YES;
				CLANG_ANALYZER_NUMBER_OBJECT_CONVERSION = YES_AGGRESSIVE;
				CLANG_CXX_LANGUAGE_STANDARD = "gnu++20";
				CLANG_ENABLE_MODULES = YES;
				CLANG_ENABLE_OBJC_ARC = YES;
				CLANG_ENABLE_OBJC_WEAK = YES;
				CLANG_WARN_BLOCK_CAPTURE_AUTORELEASING = YES;
				CLANG_WARN_BOOL_CONVERSION = YES;
				CLANG_WARN_COMMA = YES;
				CLANG_WARN_CONSTANT_CONVERSION = YES;
				CLANG_WARN_DEPRECATED_OBJC_IMPLEMENTATIONS = YES;
				CLANG_WARN_DIRECT_OBJC_ISA_USAGE = YES_ERROR;
				CLANG_WARN_DOCUMENTATION_COMMENTS = YES;
				CLANG_WARN_EMPTY_BODY = YES;
				CLANG_WARN_ENUM_CONVERSION = YES;
				CLANG_WARN_INFINITE_RECURSION = YES;
				CLANG_WARN_INT_CONVERSION = YES;
				CLANG_WARN_NON_LITERAL_NULL_CONVERSION = YES;
				CLANG_WARN_OBJC_IMPLICIT_RETAIN_SELF = YES;
				CLANG_WARN_OBJC_LITERAL_CONVERSION = YES;
				CLANG_WARN_OBJC_ROOT_CLASS = YES_ERROR;
				CLANG_WARN_QUOTED_INCLUDE_IN_FRAMEWORK_HEADER = YES;
				CLANG_WARN_RANGE_LOOP_ANALYSIS = YES;
				CLANG_WARN_STRICT_PROTOTYPES = YES;
				CLANG_WARN_SUSPICIOUS_MOVE = YES;
				CLANG_WARN_UNGUARDED_AVAILABILITY = YES_AGGRESSIVE;
				CLANG_WARN_UNREACHABLE_CODE = YES;
				CLANG_WARN__DUPLICATE_METHOD_MATCH = YES;
				COPY_PHASE_STRIP = NO;
				DEBUG_INFORMATION_FORMAT = "dwarf-with-dsym";
				ENABLE_NS_ASSERTIONS = NO;
				ENABLE_STRICT_OBJC_MSGSEND = YES;
				ENABLE_USER_SCRIPT_SANDBOXING = YES;
				GCC_C_LANGUAGE_STANDARD = gnu17;
				GCC_NO_COMMON_BLOCKS = YES;
				GCC_WARN_64_TO_32_BIT_CONVERSION = YES;
				GCC_WARN_ABOUT_RETURN_TYPE = YES_ERROR;
				GCC_WARN_UNDECLARED_SELECTOR = YES;
				GCC_WARN_UNINITIALIZED_AUTOS = YES_AGGRESSIVE;
				GCC_WARN_UNUSED_FUNCTION = YES;
				GCC_WARN_UNUSED_VARIABLE = YES;
				IPHONEOS_DEPLOYMENT_TARGET = 17.4;
				LOCALIZATION_PREFERS_STRING_CATALOGS = YES;
				MTL_ENABLE_DEBUG_INFO = NO;
				MTL_FAST_MATH = YES;
				SDKROOT = iphoneos;
				SWIFT_COMPILATION_MODE = wholemodule;
				VALIDATE_PRODUCT = YES;
			};
			name = Release;
		};
		ED44C72A2BC4ABE900044A8D /* Debug */ = {
			isa = XCBuildConfiguration;
			buildSettings = {
				ASSETCATALOG_COMPILER_APPICON_NAME = AppIcon;
				ASSETCATALOG_COMPILER_GLOBAL_ACCENT_COLOR_NAME = AccentColor;
				CODE_SIGN_STYLE = Automatic;
				CURRENT_PROJECT_VERSION = 1;
				DEVELOPMENT_ASSET_PATHS = "\"571-HW4/Preview Content\"";
				DEVELOPMENT_TEAM = BGUZ8ME27S;
				ENABLE_PREVIEWS = YES;
				GENERATE_INFOPLIST_FILE = YES;
				INFOPLIST_KEY_UIApplicationSceneManifest_Generation = YES;
				INFOPLIST_KEY_UIApplicationSupportsIndirectInputEvents = YES;
				INFOPLIST_KEY_UILaunchScreen_Generation = YES;
				INFOPLIST_KEY_UILaunchStoryboardName = "Launch Screen.storyboard";
				INFOPLIST_KEY_UISupportedInterfaceOrientations_iPad = "UIInterfaceOrientationPortrait UIInterfaceOrientationPortraitUpsideDown UIInterfaceOrientationLandscapeLeft UIInterfaceOrientationLandscapeRight";
				INFOPLIST_KEY_UISupportedInterfaceOrientations_iPhone = "UIInterfaceOrientationPortrait UIInterfaceOrientationLandscapeLeft UIInterfaceOrientationLandscapeRight";
				IPHONEOS_DEPLOYMENT_TARGET = 17.2;
				LD_RUNPATH_SEARCH_PATHS = (
					"$(inherited)",
					"@executable_path/Frameworks",
				);
				MARKETING_VERSION = 1.0;
				PRODUCT_BUNDLE_IDENTIFIER = "na.-71-HW4";
				PRODUCT_NAME = "$(TARGET_NAME)";
				SWIFT_EMIT_LOC_STRINGS = YES;
				SWIFT_VERSION = 5.0;
				TARGETED_DEVICE_FAMILY = "1,2";
			};
			name = Debug;
		};
		ED44C72B2BC4ABE900044A8D /* Release */ = {
			isa = XCBuildConfiguration;
			buildSettings = {
				ASSETCATALOG_COMPILER_APPICON_NAME = AppIcon;
				ASSETCATALOG_COMPILER_GLOBAL_ACCENT_COLOR_NAME = AccentColor;
				CODE_SIGN_STYLE = Automatic;
				CURRENT_PROJECT_VERSION = 1;
				DEVELOPMENT_ASSET_PATHS = "\"571-HW4/Preview Content\"";
				DEVELOPMENT_TEAM = BGUZ8ME27S;
				ENABLE_PREVIEWS = YES;
				GENERATE_INFOPLIST_FILE = YES;
				INFOPLIST_KEY_UIApplicationSceneManifest_Generation = YES;
				INFOPLIST_KEY_UIApplicationSupportsIndirectInputEvents = YES;
				INFOPLIST_KEY_UILaunchScreen_Generation = YES;
				INFOPLIST_KEY_UILaunchStoryboardName = "Launch Screen.storyboard";
				INFOPLIST_KEY_UISupportedInterfaceOrientations_iPad = "UIInterfaceOrientationPortrait UIInterfaceOrientationPortraitUpsideDown UIInterfaceOrientationLandscapeLeft UIInterfaceOrientationLandscapeRight";
				INFOPLIST_KEY_UISupportedInterfaceOrientations_iPhone = "UIInterfaceOrientationPortrait UIInterfaceOrientationLandscapeLeft UIInterfaceOrientationLandscapeRight";
				IPHONEOS_DEPLOYMENT_TARGET = 17.2;
				LD_RUNPATH_SEARCH_PATHS = (
					"$(inherited)",
					"@executable_path/Frameworks",
				);
				MARKETING_VERSION = 1.0;
				PRODUCT_BUNDLE_IDENTIFIER = "na.-71-HW4";
				PRODUCT_NAME = "$(TARGET_NAME)";
				SWIFT_EMIT_LOC_STRINGS = YES;
				SWIFT_VERSION = 5.0;
				TARGETED_DEVICE_FAMILY = "1,2";
			};
			name = Release;
		};
/* End XCBuildConfiguration section */

/* Begin XCConfigurationList section */
		ED44C7162BC4ABE800044A8D /* Build configuration list for PBXProject "571-HW4" */ = {
			isa = XCConfigurationList;
			buildConfigurations = (
				ED44C7272BC4ABE900044A8D /* Debug */,
				ED44C7282BC4ABE900044A8D /* Release */,
			);
			defaultConfigurationIsVisible = 0;
			defaultConfigurationName = Release;
		};
		ED44C7292BC4ABE900044A8D /* Build configuration list for PBXNativeTarget "571-HW4" */ = {
			isa = XCConfigurationList;
			buildConfigurations = (
				ED44C72A2BC4ABE900044A8D /* Debug */,
				ED44C72B2BC4ABE900044A8D /* Release */,
			);
			defaultConfigurationIsVisible = 0;
			defaultConfigurationName = Release;
		};
/* End XCConfigurationList section */

/* Begin XCRemoteSwiftPackageReference section */
		ED44C7432BC4C69800044A8D /* XCRemoteSwiftPackageReference "Alamofire" */ = {
			isa = XCRemoteSwiftPackageReference;
			repositoryURL = "https://github.com/Alamofire/Alamofire.git";
			requirement = {
				kind = upToNextMajorVersion;
				minimumVersion = 5.9.1;
			};
		};
		ED44C7482BC4C75500044A8D /* XCRemoteSwiftPackageReference "SwiftyJSON" */ = {
			isa = XCRemoteSwiftPackageReference;
			repositoryURL = "https://github.com/SwiftyJSON/SwiftyJSON.git";
			requirement = {
				kind = upToNextMajorVersion;
				minimumVersion = 5.0.2;
			};
		};
		ED44C74B2BC4C83000044A8D /* XCRemoteSwiftPackageReference "Kingfisher" */ = {
			isa = XCRemoteSwiftPackageReference;
			repositoryURL = "https://github.com/onevcat/Kingfisher.git";
			requirement = {
				kind = upToNextMajorVersion;
				minimumVersion = 7.11.0;
			};
		};
		EDC774632BCDFC250048AD63 /* XCRemoteSwiftPackageReference "highcharts-ios" */ = {
			isa = XCRemoteSwiftPackageReference;
			repositoryURL = "https://github.com/highcharts/highcharts-ios";
			requirement = {
				kind = exactVersion;
				version = 11.4.1;
			};
		};
/* End XCRemoteSwiftPackageReference section */

/* Begin XCSwiftPackageProductDependency section */
		ED44C7442BC4C69800044A8D /* Alamofire */ = {
			isa = XCSwiftPackageProductDependency;
			package = ED44C7432BC4C69800044A8D /* XCRemoteSwiftPackageReference "Alamofire" */;
			productName = Alamofire;
		};
		ED44C7462BC4C69800044A8D /* AlamofireDynamic */ = {
			isa = XCSwiftPackageProductDependency;
			package = ED44C7432BC4C69800044A8D /* XCRemoteSwiftPackageReference "Alamofire" */;
			productName = AlamofireDynamic;
		};
		ED44C7492BC4C75500044A8D /* SwiftyJSON */ = {
			isa = XCSwiftPackageProductDependency;
			package = ED44C7482BC4C75500044A8D /* XCRemoteSwiftPackageReference "SwiftyJSON" */;
			productName = SwiftyJSON;
		};
		ED44C74C2BC4C83000044A8D /* Kingfisher */ = {
			isa = XCSwiftPackageProductDependency;
			package = ED44C74B2BC4C83000044A8D /* XCRemoteSwiftPackageReference "Kingfisher" */;
			productName = Kingfisher;
		};
		EDC774642BCDFC250048AD63 /* Highcharts */ = {
			isa = XCSwiftPackageProductDependency;
			package = EDC774632BCDFC250048AD63 /* XCRemoteSwiftPackageReference "highcharts-ios" */;
			productName = Highcharts;
		};
/* End XCSwiftPackageProductDependency section */
	};
	rootObject = ED44C7132BC4ABE800044A8D /* Project object */;
}
